# This file is automatically @generated by Poetry 1.5.1 and should not be changed by hand.

[[package]]
name = "annotated-types"
version = "0.6.0"
description = "Reusable constraint types to use with typing.Annotated"
optional = false
python-versions = ">=3.8"
files = [
    {file = "annotated_types-0.6.0-py3-none-any.whl", hash = "sha256:0641064de18ba7a25dee8f96403ebc39113d0cb953a01429249d5c7564666a43"},
    {file = "annotated_types-0.6.0.tar.gz", hash = "sha256:563339e807e53ffd9c267e99fc6d9ea23eb8443c08f112651963e24e22f84a5d"},
]

[[package]]
name = "anyio"
version = "3.7.1"
description = "High level compatibility layer for multiple asynchronous event loop implementations"
optional = false
python-versions = ">=3.7"
files = [
    {file = "anyio-3.7.1-py3-none-any.whl", hash = "sha256:91dee416e570e92c64041bd18b900d1d6fa78dff7048769ce5ac5ddad004fbb5"},
    {file = "anyio-3.7.1.tar.gz", hash = "sha256:44a3c9aba0f5defa43261a8b3efb97891f2bd7d804e0e1f56419befa1adfc780"},
]

[package.dependencies]
idna = ">=2.8"
sniffio = ">=1.1"

[package.extras]
doc = ["Sphinx", "packaging", "sphinx-autodoc-typehints (>=1.2.0)", "sphinx-rtd-theme (>=1.2.2)", "sphinxcontrib-jquery"]
test = ["anyio[trio]", "coverage[toml] (>=4.5)", "hypothesis (>=4.0)", "mock (>=4)", "psutil (>=5.9)", "pytest (>=7.0)", "pytest-mock (>=3.6.1)", "trustme", "uvloop (>=0.17)"]
trio = ["trio (<0.22)"]

[[package]]
name = "certifi"
version = "2023.11.17"
description = "Python package for providing Mozilla's CA Bundle."
optional = false
python-versions = ">=3.6"
files = [
    {file = "certifi-2023.11.17-py3-none-any.whl", hash = "sha256:e036ab49d5b79556f99cfc2d9320b34cfbe5be05c5871b51de9329f0603b0474"},
    {file = "certifi-2023.11.17.tar.gz", hash = "sha256:9b469f3a900bf28dc19b8cfbf8019bf47f7fdd1a65a1d4ffb98fc14166beb4d1"},
]

[[package]]
name = "click"
version = "8.1.7"
description = "Composable command line interface toolkit"
optional = false
python-versions = ">=3.7"
files = [
    {file = "click-8.1.7-py3-none-any.whl", hash = "sha256:ae74fb96c20a0277a1d615f1e4d73c8414f5a98db8b799a7931d1582f3390c28"},
    {file = "click-8.1.7.tar.gz", hash = "sha256:ca9853ad459e787e2192211578cc907e7594e294c7ccc834310722b41b9ca6de"},
]

[package.dependencies]
colorama = {version = "*", markers = "platform_system == \"Windows\""}

[[package]]
name = "clickhouse-driver"
version = "0.2.6"
description = "Python driver with native interface for ClickHouse"
optional = false
python-versions = ">=3.7, <4"
files = [
    {file = "clickhouse-driver-0.2.6.tar.gz", hash = "sha256:028baf4d65a0b3f9e0ac5df248cab20657b51adbfce6c5427aa6c16a7318dda1"},
    {file = "clickhouse_driver-0.2.6-cp310-cp310-macosx_10_9_x86_64.whl", hash = "sha256:e61d975081b74cae9efe7a64b1de1a8aec5643affb81b57487dcae7d195f250f"},
    {file = "clickhouse_driver-0.2.6-cp310-cp310-macosx_11_0_arm64.whl", hash = "sha256:ee0395b49bd8c0cd3dca6b3a4b9db347c1d300de83ee7b4f482a9d48b6c7af54"},
    {file = "clickhouse_driver-0.2.6-cp310-cp310-manylinux_2_17_aarch64.manylinux2014_aarch64.whl", hash = "sha256:c1d8aff4d3f0d78fd4b11e28ef344a5ee71d6850fef4a79e3265e0728b4d1d89"},
    {file = "clickhouse_driver-0.2.6-cp310-cp310-manylinux_2_17_ppc64le.manylinux2014_ppc64le.whl", hash = "sha256:2b086bd658889af10205cb8307b714c8202bdfd05a4833fc7f4f82df2d88a963"},
    {file = "clickhouse_driver-0.2.6-cp310-cp310-manylinux_2_17_s390x.manylinux2014_s390x.whl", hash = "sha256:79a1b6815d56a03398110c7f602a87ad767ecfd7a0869e61f2d8bfa0779dce2b"},
    {file = "clickhouse_driver-0.2.6-cp310-cp310-manylinux_2_17_x86_64.manylinux2014_x86_64.whl", hash = "sha256:36146fc3782a9e45a57c1094f3f8051db4117089502a3310312768dd7e14ef6d"},
    {file = "clickhouse_driver-0.2.6-cp310-cp310-manylinux_2_5_i686.manylinux1_i686.manylinux_2_17_i686.manylinux2014_i686.whl", hash = "sha256:4032fb9b15ddbc484073ca165e5271eed494f3f3c4e8cb3a495bbc7a151fa556"},
    {file = "clickhouse_driver-0.2.6-cp310-cp310-musllinux_1_1_aarch64.whl", hash = "sha256:d2e0332b4e4b68be0d5e97ee40cd3ce7f4f85523e3ea3656b4dda658ba723067"},
    {file = "clickhouse_driver-0.2.6-cp310-cp310-musllinux_1_1_i686.whl", hash = "sha256:7b659583fa2a8058dfeba952c0f17d5077b2af17db9c0f45ab8a5f9cf4dc1523"},
    {file = "clickhouse_driver-0.2.6-cp310-cp310-musllinux_1_1_ppc64le.whl", hash = "sha256:d4ce06dc2d2593bedade4bf369c28d7b0494532774e849f7213f800b06a274a2"},
    {file = "clickhouse_driver-0.2.6-cp310-cp310-musllinux_1_1_s390x.whl", hash = "sha256:3bf9071ca89f661ae7dd46f2561e7e97fe71fc96dbbaf0607afe636f173e5f40"},
    {file = "clickhouse_driver-0.2.6-cp310-cp310-musllinux_1_1_x86_64.whl", hash = "sha256:429d9c16355aea62a462f75f373a2d9c4b76da7996a0eb6f038b2aa079020597"},
    {file = "clickhouse_driver-0.2.6-cp310-cp310-win32.whl", hash = "sha256:1960244de84d7888598180e69689d1ba7ec6c9c99cd2c080a76315a7a29a5cab"},
    {file = "clickhouse_driver-0.2.6-cp310-cp310-win_amd64.whl", hash = "sha256:5a6bdfde4e2fb81414200303950ba75c3f7ee9249e4a997854ce18e1cb4beea9"},
    {file = "clickhouse_driver-0.2.6-cp311-cp311-macosx_10_9_x86_64.whl", hash = "sha256:ef0a9453a972ec32399cc93a510aec33fa4b9b1f0c5050a3a40e5d298a89a7aa"},
    {file = "clickhouse_driver-0.2.6-cp311-cp311-macosx_11_0_arm64.whl", hash = "sha256:95c13374741a8749980436603922ad7c476ae3b5e17850c50faba3879db66bdb"},
    {file = "clickhouse_driver-0.2.6-cp311-cp311-manylinux_2_17_aarch64.manylinux2014_aarch64.whl", hash = "sha256:d715d392eaadb43ded1c104354aebbc233f69bbf3919aa61beb7cc6ecdaa950a"},
    {file = "clickhouse_driver-0.2.6-cp311-cp311-manylinux_2_17_ppc64le.manylinux2014_ppc64le.whl", hash = "sha256:91d75d50265616a2779d0b2acaebf7253783e2b8ad0df3efa6d23f0db1c9bf50"},
    {file = "clickhouse_driver-0.2.6-cp311-cp311-manylinux_2_17_s390x.manylinux2014_s390x.whl", hash = "sha256:32f0e02c28e9a6f1c1f116d1aa14772e73beb7efd4f30490d9f171d39b40551a"},
    {file = "clickhouse_driver-0.2.6-cp311-cp311-manylinux_2_17_x86_64.manylinux2014_x86_64.whl", hash = "sha256:08037080bd7d1d2816767d1bc693380073ce8bdf4ad0f62871c12b77b90323a5"},
    {file = "clickhouse_driver-0.2.6-cp311-cp311-manylinux_2_5_i686.manylinux1_i686.manylinux_2_17_i686.manylinux2014_i686.whl", hash = "sha256:3cfe60ec8b695c298e6156c71a35ae6586676992cdfde6d2bf0c0b74414bfa0c"},
    {file = "clickhouse_driver-0.2.6-cp311-cp311-musllinux_1_1_aarch64.whl", hash = "sha256:36ae6e627ffba6ed46fa9ac4dd745bfbfd5d9f39b198f46051ebfd0dde5e01c2"},
    {file = "clickhouse_driver-0.2.6-cp311-cp311-musllinux_1_1_i686.whl", hash = "sha256:2508638aa6f44cc0653840b99e308d3c0a8684c71e3132d7d067b160bdff5a81"},
    {file = "clickhouse_driver-0.2.6-cp311-cp311-musllinux_1_1_ppc64le.whl", hash = "sha256:88b77719e62aaa03a9d2d05e395788c4c112d41ff35a6756e7e7a1ac5dc1b4fb"},
    {file = "clickhouse_driver-0.2.6-cp311-cp311-musllinux_1_1_s390x.whl", hash = "sha256:95d1206252c6c9d0abad61310eda455ebcdcd0b1f41c3584daffbfd52b68654f"},
    {file = "clickhouse_driver-0.2.6-cp311-cp311-musllinux_1_1_x86_64.whl", hash = "sha256:3bdff826074af1b339fe9bff17844f6b8117080f895b8601f536b13a9d04f82a"},
    {file = "clickhouse_driver-0.2.6-cp311-cp311-win32.whl", hash = "sha256:c8c02606eabe4288045bbba497088b7fe976c34330c1066db9744fa09fef4a2a"},
    {file = "clickhouse_driver-0.2.6-cp311-cp311-win_amd64.whl", hash = "sha256:44df94940739a72a02716bb14ac8b683aef84b54b05783d96201ff334bcd88fb"},
    {file = "clickhouse_driver-0.2.6-cp312-cp312-macosx_10_9_x86_64.whl", hash = "sha256:079708ac620343736c2c8dace6663178156f4ded47bf25245b56147498d0d7de"},
    {file = "clickhouse_driver-0.2.6-cp312-cp312-macosx_11_0_arm64.whl", hash = "sha256:e13369cf516df6c33c156fe66cfff502f66fc25f2a515c761ed1480fc83b3aa9"},
    {file = "clickhouse_driver-0.2.6-cp312-cp312-manylinux_2_17_aarch64.manylinux2014_aarch64.whl", hash = "sha256:cbc0bf957fc6d0163ee06ac02275bdb2f40d109fc225366e387358e78d968a43"},
    {file = "clickhouse_driver-0.2.6-cp312-cp312-manylinux_2_17_ppc64le.manylinux2014_ppc64le.whl", hash = "sha256:f58b0ffb434fefe99b7419e09d6071a49773e9eb49c5ebeedf7c3180b40c2330"},
    {file = "clickhouse_driver-0.2.6-cp312-cp312-manylinux_2_17_s390x.manylinux2014_s390x.whl", hash = "sha256:c0746dac9aa5cf2c275187aef16b67ae922ef257c82671948a6be86e19ee9cb2"},
    {file = "clickhouse_driver-0.2.6-cp312-cp312-manylinux_2_17_x86_64.manylinux2014_x86_64.whl", hash = "sha256:1f1ce40c9a2715ea44be9a5c33cb5b08048c1ef5595a6739443473e4ba23fedf"},
    {file = "clickhouse_driver-0.2.6-cp312-cp312-manylinux_2_5_i686.manylinux1_i686.manylinux_2_17_i686.manylinux2014_i686.whl", hash = "sha256:a9499a2b2d5e856c7e8efd28da479df8a962e2497c70bf5e2d9a25875d520465"},
    {file = "clickhouse_driver-0.2.6-cp312-cp312-musllinux_1_1_aarch64.whl", hash = "sha256:8b2e849bb7102365a480d9d1083ed203a244f0c02a0fc973eab6078b3d14638d"},
    {file = "clickhouse_driver-0.2.6-cp312-cp312-musllinux_1_1_i686.whl", hash = "sha256:5846c50e2dfe0ce2f300275955a20f82422b1128b09ab5a9ea4d8a00d4ba8438"},
    {file = "clickhouse_driver-0.2.6-cp312-cp312-musllinux_1_1_ppc64le.whl", hash = "sha256:a12990b54b92b2a2598f144388e766d6261492408f2434738fe649423371894b"},
    {file = "clickhouse_driver-0.2.6-cp312-cp312-musllinux_1_1_s390x.whl", hash = "sha256:af14a5699fea890a1f8f022c624ca9f61994e15913cfaf4e0e58b1e4ac99540a"},
    {file = "clickhouse_driver-0.2.6-cp312-cp312-musllinux_1_1_x86_64.whl", hash = "sha256:965fb8370eb7ee8a20cdf54d7c2fe024f587da692bd15e94dd2eee93a3c88f4b"},
    {file = "clickhouse_driver-0.2.6-cp312-cp312-win32.whl", hash = "sha256:9c552205d2b6125a99121080417c5c7bbc47af81ed15bb5ff9be464fed96bb68"},
    {file = "clickhouse_driver-0.2.6-cp312-cp312-win_amd64.whl", hash = "sha256:a58fb8b12a32d58ce0c72839293ec5bacc7904f3db36a82bb963f394dbb5f230"},
    {file = "clickhouse_driver-0.2.6-cp37-cp37m-macosx_10_9_x86_64.whl", hash = "sha256:f2a9abb8b1464985f7a480f956744736e611970ffc8ffd3eb0b46343a3a691e6"},
    {file = "clickhouse_driver-0.2.6-cp37-cp37m-manylinux_2_17_aarch64.manylinux2014_aarch64.whl", hash = "sha256:f2e01696c450a2de41d586689dbaed0893d4de7469811abd3bf831a0483e723a"},
    {file = "clickhouse_driver-0.2.6-cp37-cp37m-manylinux_2_17_ppc64le.manylinux2014_ppc64le.whl", hash = "sha256:a0bb85760dabbef493aec985ad94612132ddeb5b81569cf0a7222f6cb7278eda"},
    {file = "clickhouse_driver-0.2.6-cp37-cp37m-manylinux_2_17_s390x.manylinux2014_s390x.whl", hash = "sha256:26fa7c46a65beb6725e9d77701ed2871c8b3b7fd0c187c3c8550ae95e9886038"},
    {file = "clickhouse_driver-0.2.6-cp37-cp37m-manylinux_2_17_x86_64.manylinux2014_x86_64.whl", hash = "sha256:c489cd1cf8b98f78e95559122c5b0d52f25b619cfd2ca31d0784a0bea38940b4"},
    {file = "clickhouse_driver-0.2.6-cp37-cp37m-manylinux_2_5_i686.manylinux1_i686.manylinux_2_17_i686.manylinux2014_i686.whl", hash = "sha256:af20ef3ddc7f834ebb316c349770f5c381354b573419523b9703ea48ed4bd692"},
    {file = "clickhouse_driver-0.2.6-cp37-cp37m-musllinux_1_1_aarch64.whl", hash = "sha256:82538f76640cbd22540f9de301d996b1e48dbf5de71a79fc06826ea094c8e5f7"},
    {file = "clickhouse_driver-0.2.6-cp37-cp37m-musllinux_1_1_i686.whl", hash = "sha256:ccd34a5592f4212483138bea45dc6526c4cf7b5aa4b806f422b66d27232f7271"},
    {file = "clickhouse_driver-0.2.6-cp37-cp37m-musllinux_1_1_ppc64le.whl", hash = "sha256:ab10bc9db2fbc0d5ab785c7771bfaac526ac6724b8727c2f0708caee878a6a48"},
    {file = "clickhouse_driver-0.2.6-cp37-cp37m-musllinux_1_1_s390x.whl", hash = "sha256:c9882ca5fd98b1801a283889e085e88c929fae1b68adc4e6b00ef1cf60adb843"},
    {file = "clickhouse_driver-0.2.6-cp37-cp37m-musllinux_1_1_x86_64.whl", hash = "sha256:051a1bd0f70a8d0bc11ef90b6e6291981cd8e3031cc126a7c78206849c1b8cf7"},
    {file = "clickhouse_driver-0.2.6-cp37-cp37m-win32.whl", hash = "sha256:48f47694d5e54af192a4aa2a24f947795c362ab40a253d088593880fede97568"},
    {file = "clickhouse_driver-0.2.6-cp37-cp37m-win_amd64.whl", hash = "sha256:b783e5d3d12947c73d991bceb6b8765231512ab0ac6363823cdcd2c283c67a99"},
    {file = "clickhouse_driver-0.2.6-cp38-cp38-macosx_10_9_x86_64.whl", hash = "sha256:3d24e0acf8fef1d787851ae048e0168b2fb10297c3235cbb87974f78db37d3d3"},
    {file = "clickhouse_driver-0.2.6-cp38-cp38-macosx_11_0_arm64.whl", hash = "sha256:27dc025f10a930aed453eec5ed9a0404e7b2db671da4a253109facf5c1ad1b4c"},
    {file = "clickhouse_driver-0.2.6-cp38-cp38-manylinux_2_17_aarch64.manylinux2014_aarch64.whl", hash = "sha256:d534c744b1b211241f8c58d2ad5fcfc465a0503011d9b9073c00e25507abcbf3"},
    {file = "clickhouse_driver-0.2.6-cp38-cp38-manylinux_2_17_ppc64le.manylinux2014_ppc64le.whl", hash = "sha256:858b8039a1241591b63f368de9dbdef6c4e6466b6bf0e01d53d36f7091af7569"},
    {file = "clickhouse_driver-0.2.6-cp38-cp38-manylinux_2_17_s390x.manylinux2014_s390x.whl", hash = "sha256:21eb62e1de7d2d5483d121d1447e857030bf866d4f23572b0dedc515f9359cd0"},
    {file = "clickhouse_driver-0.2.6-cp38-cp38-manylinux_2_17_x86_64.manylinux2014_x86_64.whl", hash = "sha256:eddbc4e90da8d3f08b5aa6c58a7155ebb398cc34255083e7103071b4c4a76952"},
    {file = "clickhouse_driver-0.2.6-cp38-cp38-manylinux_2_5_i686.manylinux1_i686.manylinux_2_17_i686.manylinux2014_i686.whl", hash = "sha256:88f67ac3bf4cec39c051b33152bc1f370a3f0311774c73965727e14877e314fd"},
    {file = "clickhouse_driver-0.2.6-cp38-cp38-musllinux_1_1_aarch64.whl", hash = "sha256:231ef65b7c99f2e937990b7072cf68bda6b51f45c903e5c8c068f7d754bdd489"},
    {file = "clickhouse_driver-0.2.6-cp38-cp38-musllinux_1_1_i686.whl", hash = "sha256:f4aadf85dc199f3d1ef06b961c87b168d009c88bfe431b4821460678d4ad51a9"},
    {file = "clickhouse_driver-0.2.6-cp38-cp38-musllinux_1_1_ppc64le.whl", hash = "sha256:f08bc819a0c17b787c2984406611f5f2d9a8e33118090376c4bc8d932f38ea10"},
    {file = "clickhouse_driver-0.2.6-cp38-cp38-musllinux_1_1_s390x.whl", hash = "sha256:ace862809bb89f896c2150e20ea6bbeb969c25ca40bfe389179469b0e0ec5dd7"},
    {file = "clickhouse_driver-0.2.6-cp38-cp38-musllinux_1_1_x86_64.whl", hash = "sha256:512d2d5714e811dfc63eefdf5e0171f24a5e698134e684d8efe27c001fc3a06b"},
    {file = "clickhouse_driver-0.2.6-cp38-cp38-win32.whl", hash = "sha256:b9b775f70371a7333ac828fe2bbd9473c94e18728ac6b70b2865cdee1f0d551f"},
    {file = "clickhouse_driver-0.2.6-cp38-cp38-win_amd64.whl", hash = "sha256:d13fe44620750abcd4c93c067d6e44c8a1ea050856c4c27a5633ad8ff197a689"},
    {file = "clickhouse_driver-0.2.6-cp39-cp39-macosx_10_9_x86_64.whl", hash = "sha256:e17995752eef4f742976abab03ff3f5b81edb9b9218b151abaf3534055fcf2b8"},
    {file = "clickhouse_driver-0.2.6-cp39-cp39-macosx_11_0_arm64.whl", hash = "sha256:8c23baf4b4185b3ee13332c05c201e242600e35deb8b0b0d95211e71d5eb3f59"},
    {file = "clickhouse_driver-0.2.6-cp39-cp39-manylinux_2_17_aarch64.manylinux2014_aarch64.whl", hash = "sha256:bbd7e3e33d2bc5f32da2557e97299340a722f948790494a2e9efaed4635ff499"},
    {file = "clickhouse_driver-0.2.6-cp39-cp39-manylinux_2_17_ppc64le.manylinux2014_ppc64le.whl", hash = "sha256:0c872e9fee17d278816fc30b4df4b10bedd8eec9efaa614c71725f147b00b30d"},
    {file = "clickhouse_driver-0.2.6-cp39-cp39-manylinux_2_17_s390x.manylinux2014_s390x.whl", hash = "sha256:3c8af2761676cd306962a86cc87a4187efcfdaf253a0d908c8f8ef791277a7fe"},
    {file = "clickhouse_driver-0.2.6-cp39-cp39-manylinux_2_17_x86_64.manylinux2014_x86_64.whl", hash = "sha256:0d7ee63cf9443a94a0bc856ac947c9bfd8c214c12e340846f341391bb161cc4e"},
    {file = "clickhouse_driver-0.2.6-cp39-cp39-manylinux_2_5_i686.manylinux1_i686.manylinux_2_17_i686.manylinux2014_i686.whl", hash = "sha256:3117c1bbcbec64a39c283ab2ff1ca284e57d5943b8e68e6f1df718ab04cb66e2"},
    {file = "clickhouse_driver-0.2.6-cp39-cp39-musllinux_1_1_aarch64.whl", hash = "sha256:9079621484b1f10017a65f7f84d81b13e44e9f23c5da1e04731405531bb63d58"},
    {file = "clickhouse_driver-0.2.6-cp39-cp39-musllinux_1_1_i686.whl", hash = "sha256:aa73edc701635c5042c0355c8a0222eb03af117bebaf898017958d0e2cefb3b8"},
    {file = "clickhouse_driver-0.2.6-cp39-cp39-musllinux_1_1_ppc64le.whl", hash = "sha256:b5d9afcdec1fcc4e675fd25d31cd506b369efddc78d5e775804cfc911c773551"},
    {file = "clickhouse_driver-0.2.6-cp39-cp39-musllinux_1_1_s390x.whl", hash = "sha256:6ad658e12e7c928283eb47f82fe4d36c8974918aabad1b3981212813fe21d03b"},
    {file = "clickhouse_driver-0.2.6-cp39-cp39-musllinux_1_1_x86_64.whl", hash = "sha256:82fdc618428b31c418e6cdedfd66bd50b7662e2c092f685438bbe77e7f295f57"},
    {file = "clickhouse_driver-0.2.6-cp39-cp39-win32.whl", hash = "sha256:1736793aa273ebb71895eaa77ae4ab8ce361a28fc1cd5d92247f7af22a030c07"},
    {file = "clickhouse_driver-0.2.6-cp39-cp39-win_amd64.whl", hash = "sha256:0efc58bf8b21a84b68bbba083702dc17cab5255d2552e73dacadc830b612bd38"},
    {file = "clickhouse_driver-0.2.6-pp37-pypy37_pp73-macosx_10_9_x86_64.whl", hash = "sha256:5fdf175283918748e4821797e21cc0c91c44803e92698bd66f206769fb18da73"},
    {file = "clickhouse_driver-0.2.6-pp37-pypy37_pp73-manylinux_2_17_aarch64.manylinux2014_aarch64.whl", hash = "sha256:82c4145bf1531e4a508e187e5175e9c4d3749de5d98643141a348464360b8076"},
    {file = "clickhouse_driver-0.2.6-pp37-pypy37_pp73-manylinux_2_17_x86_64.manylinux2014_x86_64.whl", hash = "sha256:69c30943915b2ea794b8a85b8c2f6aa17dbf19a03cae1bc541c49b024f861200"},
    {file = "clickhouse_driver-0.2.6-pp37-pypy37_pp73-manylinux_2_5_i686.manylinux1_i686.manylinux_2_17_i686.manylinux2014_i686.whl", hash = "sha256:45cfa76e7dadf097e77190dc27c23361cf2806ad646df979c657336e667af03e"},
    {file = "clickhouse_driver-0.2.6-pp37-pypy37_pp73-win_amd64.whl", hash = "sha256:d59c21e2d11e8e226ab1420a928f34be958301781dabc0176a8ae6e4d6dfa5b5"},
    {file = "clickhouse_driver-0.2.6-pp38-pypy38_pp73-macosx_10_9_x86_64.whl", hash = "sha256:07ab99b84510a88af3358a35deafa09942bdc26ad8213576af3f723e0cc11bb0"},
    {file = "clickhouse_driver-0.2.6-pp38-pypy38_pp73-manylinux_2_17_aarch64.manylinux2014_aarch64.whl", hash = "sha256:712f9c313513898de98ac31e63aa2c0186f632d0490d6f2d010f259f35b9bf05"},
    {file = "clickhouse_driver-0.2.6-pp38-pypy38_pp73-manylinux_2_17_x86_64.manylinux2014_x86_64.whl", hash = "sha256:b0f2cb2fc81ee5c44068dd1d15a052a092cd6008de16d7e7850b1da7e29f316e"},
    {file = "clickhouse_driver-0.2.6-pp38-pypy38_pp73-manylinux_2_5_i686.manylinux1_i686.manylinux_2_17_i686.manylinux2014_i686.whl", hash = "sha256:4bd0bf5fc48bf6317698714721fe5127c6ebc0d8ebd0ea14217bfd7d617303f5"},
    {file = "clickhouse_driver-0.2.6-pp38-pypy38_pp73-win_amd64.whl", hash = "sha256:b52e08b5ccf3a8ceca3727d0b4594c88e5b7876d5a17451d61ed78b158ada843"},
    {file = "clickhouse_driver-0.2.6-pp39-pypy39_pp73-macosx_10_9_x86_64.whl", hash = "sha256:0081a4ac2fdb940c12dd74dd835323dfcda1e3df7cf178d9174f928fd28c1cfd"},
    {file = "clickhouse_driver-0.2.6-pp39-pypy39_pp73-manylinux_2_17_aarch64.manylinux2014_aarch64.whl", hash = "sha256:27eeb4f3cf5403dd2e8c6871c25dc129e5fc3dc6fb4ea125cd755be6476c6ff1"},
    {file = "clickhouse_driver-0.2.6-pp39-pypy39_pp73-manylinux_2_17_x86_64.manylinux2014_x86_64.whl", hash = "sha256:a1ab6ce26455e4db46431fa75c6d6913e0ef91ac54ec8554ef9455e32d0090bb"},
    {file = "clickhouse_driver-0.2.6-pp39-pypy39_pp73-manylinux_2_5_i686.manylinux1_i686.manylinux_2_17_i686.manylinux2014_i686.whl", hash = "sha256:36143db3bee3f16cc98ecda6df0110a5c6c479c69ec99fb2bb904a8f8139b64d"},
    {file = "clickhouse_driver-0.2.6-pp39-pypy39_pp73-win_amd64.whl", hash = "sha256:9fc3eacdcbc2ce5ca967c0e8dc74f2238fe9fd1bced50ea355580eebcc800dfd"},
]

[package.dependencies]
pytz = "*"
tzlocal = "*"

[package.extras]
lz4 = ["clickhouse-cityhash (>=1.0.2.1)", "lz4", "lz4 (<=3.0.1)"]
numpy = ["numpy (>=1.12.0)", "pandas (>=0.24.0)"]
zstd = ["clickhouse-cityhash (>=1.0.2.1)", "zstd"]

[[package]]
name = "colorama"
version = "0.4.6"
description = "Cross-platform colored terminal text."
optional = false
python-versions = "!=3.0.*,!=3.1.*,!=3.2.*,!=3.3.*,!=3.4.*,!=3.5.*,!=3.6.*,>=2.7"
files = [
    {file = "colorama-0.4.6-py2.py3-none-any.whl", hash = "sha256:4f1d9991f5acc0ca119f9d443620b77f9d6b33703e51011c16baf57afb285fc6"},
    {file = "colorama-0.4.6.tar.gz", hash = "sha256:08695f5cb7ed6e0531a20572697297273c47b8cae5a63ffc6d6ed5c201be6e44"},
]

[[package]]
name = "fastapi"
version = "0.104.1"
description = "FastAPI framework, high performance, easy to learn, fast to code, ready for production"
optional = false
python-versions = ">=3.8"
files = [
    {file = "fastapi-0.104.1-py3-none-any.whl", hash = "sha256:752dc31160cdbd0436bb93bad51560b57e525cbb1d4bbf6f4904ceee75548241"},
    {file = "fastapi-0.104.1.tar.gz", hash = "sha256:e5e4540a7c5e1dcfbbcf5b903c234feddcdcd881f191977a1c5dfd917487e7ae"},
]

[package.dependencies]
anyio = ">=3.7.1,<4.0.0"
pydantic = ">=1.7.4,<1.8 || >1.8,<1.8.1 || >1.8.1,<2.0.0 || >2.0.0,<2.0.1 || >2.0.1,<2.1.0 || >2.1.0,<3.0.0"
starlette = ">=0.27.0,<0.28.0"
typing-extensions = ">=4.8.0"

[package.extras]
all = ["email-validator (>=2.0.0)", "httpx (>=0.23.0)", "itsdangerous (>=1.1.0)", "jinja2 (>=2.11.2)", "orjson (>=3.2.1)", "pydantic-extra-types (>=2.0.0)", "pydantic-settings (>=2.0.0)", "python-multipart (>=0.0.5)", "pyyaml (>=5.3.1)", "ujson (>=4.0.1,!=4.0.2,!=4.1.0,!=4.2.0,!=4.3.0,!=5.0.0,!=5.1.0)", "uvicorn[standard] (>=0.12.0)"]

[[package]]
name = "h11"
version = "0.14.0"
description = "A pure-Python, bring-your-own-I/O implementation of HTTP/1.1"
optional = false
python-versions = ">=3.7"
files = [
    {file = "h11-0.14.0-py3-none-any.whl", hash = "sha256:e3fe4ac4b851c468cc8363d500db52c2ead036020723024a109d37346efaa761"},
    {file = "h11-0.14.0.tar.gz", hash = "sha256:8f19fbbe99e72420ff35c00b27a34cb9937e902a8b810e2c88300c6f0a3b699d"},
]

[[package]]
name = "httpcore"
version = "1.0.2"
description = "A minimal low-level HTTP client."
optional = false
python-versions = ">=3.8"
files = [
    {file = "httpcore-1.0.2-py3-none-any.whl", hash = "sha256:096cc05bca73b8e459a1fc3dcf585148f63e534eae4339559c9b8a8d6399acc7"},
    {file = "httpcore-1.0.2.tar.gz", hash = "sha256:9fc092e4799b26174648e54b74ed5f683132a464e95643b226e00c2ed2fa6535"},
]

[package.dependencies]
certifi = "*"
h11 = ">=0.13,<0.15"

[package.extras]
asyncio = ["anyio (>=4.0,<5.0)"]
http2 = ["h2 (>=3,<5)"]
socks = ["socksio (==1.*)"]
trio = ["trio (>=0.22.0,<0.23.0)"]

[[package]]
name = "httpx"
version = "0.25.1"
description = "The next generation HTTP client."
optional = false
python-versions = ">=3.8"
files = [
    {file = "httpx-0.25.1-py3-none-any.whl", hash = "sha256:fec7d6cc5c27c578a391f7e87b9aa7d3d8fbcd034f6399f9f79b45bcc12a866a"},
    {file = "httpx-0.25.1.tar.gz", hash = "sha256:ffd96d5cf901e63863d9f1b4b6807861dbea4d301613415d9e6e57ead15fc5d0"},
]

[package.dependencies]
anyio = "*"
certifi = "*"
httpcore = "*"
idna = "*"
sniffio = "*"

[package.extras]
brotli = ["brotli", "brotlicffi"]
cli = ["click (==8.*)", "pygments (==2.*)", "rich (>=10,<14)"]
http2 = ["h2 (>=3,<5)"]
socks = ["socksio (==1.*)"]

[[package]]
name = "idna"
version = "3.4"
description = "Internationalized Domain Names in Applications (IDNA)"
optional = false
python-versions = ">=3.5"
files = [
    {file = "idna-3.4-py3-none-any.whl", hash = "sha256:90b77e79eaa3eba6de819a0c442c0b4ceefc341a7a2ab77d7562bf49f425c5c2"},
    {file = "idna-3.4.tar.gz", hash = "sha256:814f528e8dead7d329833b91c5faa87d60bf71824cd12a7530b5526063d02cb4"},
]

[[package]]
name = "pydantic"
version = "2.5.1"
description = "Data validation using Python type hints"
optional = false
python-versions = ">=3.7"
files = [
    {file = "pydantic-2.5.1-py3-none-any.whl", hash = "sha256:dc5244a8939e0d9a68f1f1b5f550b2e1c879912033b1becbedb315accc75441b"},
    {file = "pydantic-2.5.1.tar.gz", hash = "sha256:0b8be5413c06aadfbe56f6dc1d45c9ed25fd43264414c571135c97dd77c2bedb"},
]

[package.dependencies]
annotated-types = ">=0.4.0"
pydantic-core = "2.14.3"
typing-extensions = ">=4.6.1"

[package.extras]
email = ["email-validator (>=2.0.0)"]

[[package]]
name = "pydantic-core"
version = "2.14.3"
description = ""
optional = false
python-versions = ">=3.7"
files = [
    {file = "pydantic_core-2.14.3-cp310-cp310-macosx_10_7_x86_64.whl", hash = "sha256:ba44fad1d114539d6a1509966b20b74d2dec9a5b0ee12dd7fd0a1bb7b8785e5f"},
    {file = "pydantic_core-2.14.3-cp310-cp310-macosx_11_0_arm64.whl", hash = "sha256:4a70d23eedd88a6484aa79a732a90e36701048a1509078d1b59578ef0ea2cdf5"},
    {file = "pydantic_core-2.14.3-cp310-cp310-manylinux_2_17_aarch64.manylinux2014_aarch64.whl", hash = "sha256:7cc24728a1a9cef497697e53b3d085fb4d3bc0ef1ef4d9b424d9cf808f52c146"},
    {file = "pydantic_core-2.14.3-cp310-cp310-manylinux_2_17_armv7l.manylinux2014_armv7l.whl", hash = "sha256:ab4a2381005769a4af2ffddae74d769e8a4aae42e970596208ec6d615c6fb080"},
    {file = "pydantic_core-2.14.3-cp310-cp310-manylinux_2_17_ppc64le.manylinux2014_ppc64le.whl", hash = "sha256:905a12bf088d6fa20e094f9a477bf84bd823651d8b8384f59bcd50eaa92e6a52"},
    {file = "pydantic_core-2.14.3-cp310-cp310-manylinux_2_17_s390x.manylinux2014_s390x.whl", hash = "sha256:38aed5a1bbc3025859f56d6a32f6e53ca173283cb95348e03480f333b1091e7d"},
    {file = "pydantic_core-2.14.3-cp310-cp310-manylinux_2_17_x86_64.manylinux2014_x86_64.whl", hash = "sha256:1767bd3f6370458e60c1d3d7b1d9c2751cc1ad743434e8ec84625a610c8b9195"},
    {file = "pydantic_core-2.14.3-cp310-cp310-manylinux_2_5_i686.manylinux1_i686.whl", hash = "sha256:7cb0c397f29688a5bd2c0dbd44451bc44ebb9b22babc90f97db5ec3e5bb69977"},
    {file = "pydantic_core-2.14.3-cp310-cp310-musllinux_1_1_aarch64.whl", hash = "sha256:9ff737f24b34ed26de62d481ef522f233d3c5927279f6b7229de9b0deb3f76b5"},
    {file = "pydantic_core-2.14.3-cp310-cp310-musllinux_1_1_x86_64.whl", hash = "sha256:a1a39fecb5f0b19faee9a8a8176c805ed78ce45d760259a4ff3d21a7daa4dfc1"},
    {file = "pydantic_core-2.14.3-cp310-none-win32.whl", hash = "sha256:ccbf355b7276593c68fa824030e68cb29f630c50e20cb11ebb0ee450ae6b3d08"},
    {file = "pydantic_core-2.14.3-cp310-none-win_amd64.whl", hash = "sha256:536e1f58419e1ec35f6d1310c88496f0d60e4f182cacb773d38076f66a60b149"},
    {file = "pydantic_core-2.14.3-cp311-cp311-macosx_10_7_x86_64.whl", hash = "sha256:f1f46700402312bdc31912f6fc17f5ecaaaa3bafe5487c48f07c800052736289"},
    {file = "pydantic_core-2.14.3-cp311-cp311-macosx_11_0_arm64.whl", hash = "sha256:88ec906eb2d92420f5b074f59cf9e50b3bb44f3cb70e6512099fdd4d88c2f87c"},
    {file = "pydantic_core-2.14.3-cp311-cp311-manylinux_2_17_aarch64.manylinux2014_aarch64.whl", hash = "sha256:056ea7cc3c92a7d2a14b5bc9c9fa14efa794d9f05b9794206d089d06d3433dc7"},
    {file = "pydantic_core-2.14.3-cp311-cp311-manylinux_2_17_armv7l.manylinux2014_armv7l.whl", hash = "sha256:076edc972b68a66870cec41a4efdd72a6b655c4098a232314b02d2bfa3bfa157"},
    {file = "pydantic_core-2.14.3-cp311-cp311-manylinux_2_17_ppc64le.manylinux2014_ppc64le.whl", hash = "sha256:e71f666c3bf019f2490a47dddb44c3ccea2e69ac882f7495c68dc14d4065eac2"},
    {file = "pydantic_core-2.14.3-cp311-cp311-manylinux_2_17_s390x.manylinux2014_s390x.whl", hash = "sha256:f518eac285c9632be337323eef9824a856f2680f943a9b68ac41d5f5bad7df7c"},
    {file = "pydantic_core-2.14.3-cp311-cp311-manylinux_2_17_x86_64.manylinux2014_x86_64.whl", hash = "sha256:9dbab442a8d9ca918b4ed99db8d89d11b1f067a7dadb642476ad0889560dac79"},
    {file = "pydantic_core-2.14.3-cp311-cp311-manylinux_2_5_i686.manylinux1_i686.whl", hash = "sha256:0653fb9fc2fa6787f2fa08631314ab7fc8070307bd344bf9471d1b7207c24623"},
    {file = "pydantic_core-2.14.3-cp311-cp311-musllinux_1_1_aarch64.whl", hash = "sha256:c54af5069da58ea643ad34ff32fd6bc4eebb8ae0fef9821cd8919063e0aeeaab"},
    {file = "pydantic_core-2.14.3-cp311-cp311-musllinux_1_1_x86_64.whl", hash = "sha256:cc956f78651778ec1ab105196e90e0e5f5275884793ab67c60938c75bcca3989"},
    {file = "pydantic_core-2.14.3-cp311-none-win32.whl", hash = "sha256:5b73441a1159f1fb37353aaefb9e801ab35a07dd93cb8177504b25a317f4215a"},
    {file = "pydantic_core-2.14.3-cp311-none-win_amd64.whl", hash = "sha256:7349f99f1ef8b940b309179733f2cad2e6037a29560f1b03fdc6aa6be0a8d03c"},
    {file = "pydantic_core-2.14.3-cp311-none-win_arm64.whl", hash = "sha256:ec79dbe23702795944d2ae4c6925e35a075b88acd0d20acde7c77a817ebbce94"},
    {file = "pydantic_core-2.14.3-cp312-cp312-macosx_10_7_x86_64.whl", hash = "sha256:8f5624f0f67f2b9ecaa812e1dfd2e35b256487566585160c6c19268bf2ffeccc"},
    {file = "pydantic_core-2.14.3-cp312-cp312-macosx_11_0_arm64.whl", hash = "sha256:6c2d118d1b6c9e2d577e215567eedbe11804c3aafa76d39ec1f8bc74e918fd07"},
    {file = "pydantic_core-2.14.3-cp312-cp312-manylinux_2_17_aarch64.manylinux2014_aarch64.whl", hash = "sha256:fe863491664c6720d65ae438d4efaa5eca766565a53adb53bf14bc3246c72fe0"},
    {file = "pydantic_core-2.14.3-cp312-cp312-manylinux_2_17_armv7l.manylinux2014_armv7l.whl", hash = "sha256:136bc7247e97a921a020abbd6ef3169af97569869cd6eff41b6a15a73c44ea9b"},
    {file = "pydantic_core-2.14.3-cp312-cp312-manylinux_2_17_ppc64le.manylinux2014_ppc64le.whl", hash = "sha256:aeafc7f5bbddc46213707266cadc94439bfa87ecf699444de8be044d6d6eb26f"},
    {file = "pydantic_core-2.14.3-cp312-cp312-manylinux_2_17_s390x.manylinux2014_s390x.whl", hash = "sha256:e16aaf788f1de5a85c8f8fcc9c1ca1dd7dd52b8ad30a7889ca31c7c7606615b8"},
    {file = "pydantic_core-2.14.3-cp312-cp312-manylinux_2_17_x86_64.manylinux2014_x86_64.whl", hash = "sha256:f8fc652c354d3362e2932a79d5ac4bbd7170757a41a62c4fe0f057d29f10bebb"},
    {file = "pydantic_core-2.14.3-cp312-cp312-manylinux_2_5_i686.manylinux1_i686.whl", hash = "sha256:f1b92e72babfd56585c75caf44f0b15258c58e6be23bc33f90885cebffde3400"},
    {file = "pydantic_core-2.14.3-cp312-cp312-musllinux_1_1_aarch64.whl", hash = "sha256:75f3f534f33651b73f4d3a16d0254de096f43737d51e981478d580f4b006b427"},
    {file = "pydantic_core-2.14.3-cp312-cp312-musllinux_1_1_x86_64.whl", hash = "sha256:c9ffd823c46e05ef3eb28b821aa7bc501efa95ba8880b4a1380068e32c5bed47"},
    {file = "pydantic_core-2.14.3-cp312-none-win32.whl", hash = "sha256:12e05a76b223577a4696c76d7a6b36a0ccc491ffb3c6a8cf92d8001d93ddfd63"},
    {file = "pydantic_core-2.14.3-cp312-none-win_amd64.whl", hash = "sha256:1582f01eaf0537a696c846bea92082082b6bfc1103a88e777e983ea9fbdc2a0f"},
    {file = "pydantic_core-2.14.3-cp312-none-win_arm64.whl", hash = "sha256:96fb679c7ca12a512d36d01c174a4fbfd912b5535cc722eb2c010c7b44eceb8e"},
    {file = "pydantic_core-2.14.3-cp37-cp37m-macosx_10_7_x86_64.whl", hash = "sha256:71ed769b58d44e0bc2701aa59eb199b6665c16e8a5b8b4a84db01f71580ec448"},
    {file = "pydantic_core-2.14.3-cp37-cp37m-macosx_11_0_arm64.whl", hash = "sha256:5402ee0f61e7798ea93a01b0489520f2abfd9b57b76b82c93714c4318c66ca06"},
    {file = "pydantic_core-2.14.3-cp37-cp37m-manylinux_2_17_aarch64.manylinux2014_aarch64.whl", hash = "sha256:eaab9dc009e22726c62fe3b850b797e7f0e7ba76d245284d1064081f512c7226"},
    {file = "pydantic_core-2.14.3-cp37-cp37m-manylinux_2_17_armv7l.manylinux2014_armv7l.whl", hash = "sha256:92486a04d54987054f8b4405a9af9d482e5100d6fe6374fc3303015983fc8bda"},
    {file = "pydantic_core-2.14.3-cp37-cp37m-manylinux_2_17_ppc64le.manylinux2014_ppc64le.whl", hash = "sha256:cf08b43d1d5d1678f295f0431a4a7e1707d4652576e1d0f8914b5e0213bfeee5"},
    {file = "pydantic_core-2.14.3-cp37-cp37m-manylinux_2_17_s390x.manylinux2014_s390x.whl", hash = "sha256:a8ca13480ce16daad0504be6ce893b0ee8ec34cd43b993b754198a89e2787f7e"},
    {file = "pydantic_core-2.14.3-cp37-cp37m-manylinux_2_17_x86_64.manylinux2014_x86_64.whl", hash = "sha256:44afa3c18d45053fe8d8228950ee4c8eaf3b5a7f3b64963fdeac19b8342c987f"},
    {file = "pydantic_core-2.14.3-cp37-cp37m-manylinux_2_5_i686.manylinux1_i686.whl", hash = "sha256:56814b41486e2d712a8bc02a7b1f17b87fa30999d2323bbd13cf0e52296813a1"},
    {file = "pydantic_core-2.14.3-cp37-cp37m-musllinux_1_1_aarch64.whl", hash = "sha256:c3dc2920cc96f9aa40c6dc54256e436cc95c0a15562eb7bd579e1811593c377e"},
    {file = "pydantic_core-2.14.3-cp37-cp37m-musllinux_1_1_x86_64.whl", hash = "sha256:e483b8b913fcd3b48badec54185c150cb7ab0e6487914b84dc7cde2365e0c892"},
    {file = "pydantic_core-2.14.3-cp37-none-win32.whl", hash = "sha256:364dba61494e48f01ef50ae430e392f67ee1ee27e048daeda0e9d21c3ab2d609"},
    {file = "pydantic_core-2.14.3-cp37-none-win_amd64.whl", hash = "sha256:a402ae1066be594701ac45661278dc4a466fb684258d1a2c434de54971b006ca"},
    {file = "pydantic_core-2.14.3-cp38-cp38-macosx_10_7_x86_64.whl", hash = "sha256:10904368261e4509c091cbcc067e5a88b070ed9a10f7ad78f3029c175487490f"},
    {file = "pydantic_core-2.14.3-cp38-cp38-macosx_11_0_arm64.whl", hash = "sha256:260692420028319e201b8649b13ac0988974eeafaaef95d0dfbf7120c38dc000"},
    {file = "pydantic_core-2.14.3-cp38-cp38-manylinux_2_17_aarch64.manylinux2014_aarch64.whl", hash = "sha256:3c1bf1a7b05a65d3b37a9adea98e195e0081be6b17ca03a86f92aeb8b110f468"},
    {file = "pydantic_core-2.14.3-cp38-cp38-manylinux_2_17_armv7l.manylinux2014_armv7l.whl", hash = "sha256:d7abd17a838a52140e3aeca271054e321226f52df7e0a9f0da8f91ea123afe98"},
    {file = "pydantic_core-2.14.3-cp38-cp38-manylinux_2_17_ppc64le.manylinux2014_ppc64le.whl", hash = "sha256:a5c51460ede609fbb4fa883a8fe16e749964ddb459966d0518991ec02eb8dfb9"},
    {file = "pydantic_core-2.14.3-cp38-cp38-manylinux_2_17_s390x.manylinux2014_s390x.whl", hash = "sha256:d06c78074646111fb01836585f1198367b17d57c9f427e07aaa9ff499003e58d"},
    {file = "pydantic_core-2.14.3-cp38-cp38-manylinux_2_17_x86_64.manylinux2014_x86_64.whl", hash = "sha256:af452e69446fadf247f18ac5d153b1f7e61ef708f23ce85d8c52833748c58075"},
    {file = "pydantic_core-2.14.3-cp38-cp38-manylinux_2_5_i686.manylinux1_i686.whl", hash = "sha256:e3ad4968711fb379a67c8c755beb4dae8b721a83737737b7bcee27c05400b047"},
    {file = "pydantic_core-2.14.3-cp38-cp38-musllinux_1_1_aarch64.whl", hash = "sha256:c5ea0153482e5b4d601c25465771c7267c99fddf5d3f3bdc238ef930e6d051cf"},
    {file = "pydantic_core-2.14.3-cp38-cp38-musllinux_1_1_x86_64.whl", hash = "sha256:96eb10ef8920990e703da348bb25fedb8b8653b5966e4e078e5be382b430f9e0"},
    {file = "pydantic_core-2.14.3-cp38-none-win32.whl", hash = "sha256:ea1498ce4491236d1cffa0eee9ad0968b6ecb0c1cd711699c5677fc689905f00"},
    {file = "pydantic_core-2.14.3-cp38-none-win_amd64.whl", hash = "sha256:2bc736725f9bd18a60eec0ed6ef9b06b9785454c8d0105f2be16e4d6274e63d0"},
    {file = "pydantic_core-2.14.3-cp39-cp39-macosx_10_7_x86_64.whl", hash = "sha256:1ea992659c03c3ea811d55fc0a997bec9dde863a617cc7b25cfde69ef32e55af"},
    {file = "pydantic_core-2.14.3-cp39-cp39-macosx_11_0_arm64.whl", hash = "sha256:d2b53e1f851a2b406bbb5ac58e16c4a5496038eddd856cc900278fa0da97f3fc"},
    {file = "pydantic_core-2.14.3-cp39-cp39-manylinux_2_17_aarch64.manylinux2014_aarch64.whl", hash = "sha256:0c7f8e8a7cf8e81ca7d44bea4f181783630959d41b4b51d2f74bc50f348a090f"},
    {file = "pydantic_core-2.14.3-cp39-cp39-manylinux_2_17_armv7l.manylinux2014_armv7l.whl", hash = "sha256:8d3b9c91eeb372a64ec6686c1402afd40cc20f61a0866850f7d989b6bf39a41a"},
    {file = "pydantic_core-2.14.3-cp39-cp39-manylinux_2_17_ppc64le.manylinux2014_ppc64le.whl", hash = "sha256:9ef3e2e407e4cad2df3c89488a761ed1f1c33f3b826a2ea9a411b0a7d1cccf1b"},
    {file = "pydantic_core-2.14.3-cp39-cp39-manylinux_2_17_s390x.manylinux2014_s390x.whl", hash = "sha256:f86f20a9d5bee1a6ede0f2757b917bac6908cde0f5ad9fcb3606db1e2968bcf5"},
    {file = "pydantic_core-2.14.3-cp39-cp39-manylinux_2_17_x86_64.manylinux2014_x86_64.whl", hash = "sha256:61beaa79d392d44dc19d6f11ccd824d3cccb865c4372157c40b92533f8d76dd0"},
    {file = "pydantic_core-2.14.3-cp39-cp39-manylinux_2_5_i686.manylinux1_i686.whl", hash = "sha256:d41df8e10b094640a6b234851b624b76a41552f637b9fb34dc720b9fe4ef3be4"},
    {file = "pydantic_core-2.14.3-cp39-cp39-musllinux_1_1_aarch64.whl", hash = "sha256:2c08ac60c3caa31f825b5dbac47e4875bd4954d8f559650ad9e0b225eaf8ed0c"},
    {file = "pydantic_core-2.14.3-cp39-cp39-musllinux_1_1_x86_64.whl", hash = "sha256:98d8b3932f1a369364606417ded5412c4ffb15bedbcf797c31317e55bd5d920e"},
    {file = "pydantic_core-2.14.3-cp39-none-win32.whl", hash = "sha256:caa94726791e316f0f63049ee00dff3b34a629b0d099f3b594770f7d0d8f1f56"},
    {file = "pydantic_core-2.14.3-cp39-none-win_amd64.whl", hash = "sha256:2494d20e4c22beac30150b4be3b8339bf2a02ab5580fa6553ca274bc08681a65"},
    {file = "pydantic_core-2.14.3-pp310-pypy310_pp73-macosx_10_7_x86_64.whl", hash = "sha256:fe272a72c7ed29f84c42fedd2d06c2f9858dc0c00dae3b34ba15d6d8ae0fbaaf"},
    {file = "pydantic_core-2.14.3-pp310-pypy310_pp73-macosx_11_0_arm64.whl", hash = "sha256:7e63a56eb7fdee1587d62f753ccd6d5fa24fbeea57a40d9d8beaef679a24bdd6"},
    {file = "pydantic_core-2.14.3-pp310-pypy310_pp73-manylinux_2_17_aarch64.manylinux2014_aarch64.whl", hash = "sha256:b7692f539a26265cece1e27e366df5b976a6db6b1f825a9e0466395b314ee48b"},
    {file = "pydantic_core-2.14.3-pp310-pypy310_pp73-manylinux_2_17_x86_64.manylinux2014_x86_64.whl", hash = "sha256:af46f0b7a1342b49f208fed31f5a83b8495bb14b652f621e0a6787d2f10f24ee"},
    {file = "pydantic_core-2.14.3-pp310-pypy310_pp73-manylinux_2_5_i686.manylinux1_i686.whl", hash = "sha256:6e2f9d76c00e805d47f19c7a96a14e4135238a7551a18bfd89bb757993fd0933"},
    {file = "pydantic_core-2.14.3-pp310-pypy310_pp73-musllinux_1_1_aarch64.whl", hash = "sha256:de52ddfa6e10e892d00f747bf7135d7007302ad82e243cf16d89dd77b03b649d"},
    {file = "pydantic_core-2.14.3-pp310-pypy310_pp73-musllinux_1_1_x86_64.whl", hash = "sha256:38113856c7fad8c19be7ddd57df0c3e77b1b2336459cb03ee3903ce9d5e236ce"},
    {file = "pydantic_core-2.14.3-pp310-pypy310_pp73-win_amd64.whl", hash = "sha256:354db020b1f8f11207b35360b92d95725621eb92656725c849a61e4b550f4acc"},
    {file = "pydantic_core-2.14.3-pp37-pypy37_pp73-macosx_10_7_x86_64.whl", hash = "sha256:76fc18653a5c95e5301a52d1b5afb27c9adc77175bf00f73e94f501caf0e05ad"},
    {file = "pydantic_core-2.14.3-pp37-pypy37_pp73-manylinux_2_17_aarch64.manylinux2014_aarch64.whl", hash = "sha256:2646f8270f932d79ba61102a15ea19a50ae0d43b314e22b3f8f4b5fabbfa6e38"},
    {file = "pydantic_core-2.14.3-pp37-pypy37_pp73-manylinux_2_17_x86_64.manylinux2014_x86_64.whl", hash = "sha256:37dad73a2f82975ed563d6a277fd9b50e5d9c79910c4aec787e2d63547202315"},
    {file = "pydantic_core-2.14.3-pp37-pypy37_pp73-manylinux_2_5_i686.manylinux1_i686.whl", hash = "sha256:113752a55a8eaece2e4ac96bc8817f134c2c23477e477d085ba89e3aa0f4dc44"},
    {file = "pydantic_core-2.14.3-pp37-pypy37_pp73-musllinux_1_1_aarch64.whl", hash = "sha256:8488e973547e8fb1b4193fd9faf5236cf1b7cd5e9e6dc7ff6b4d9afdc4c720cb"},
    {file = "pydantic_core-2.14.3-pp37-pypy37_pp73-musllinux_1_1_x86_64.whl", hash = "sha256:3d1dde10bd9962b1434053239b1d5490fc31a2b02d8950a5f731bc584c7a5a0f"},
    {file = "pydantic_core-2.14.3-pp38-pypy38_pp73-macosx_10_7_x86_64.whl", hash = "sha256:2c83892c7bf92b91d30faca53bb8ea21f9d7e39f0ae4008ef2c2f91116d0464a"},
    {file = "pydantic_core-2.14.3-pp38-pypy38_pp73-macosx_11_0_arm64.whl", hash = "sha256:849cff945284c577c5f621d2df76ca7b60f803cc8663ff01b778ad0af0e39bb9"},
    {file = "pydantic_core-2.14.3-pp38-pypy38_pp73-manylinux_2_17_aarch64.manylinux2014_aarch64.whl", hash = "sha256:4aa89919fbd8a553cd7d03bf23d5bc5deee622e1b5db572121287f0e64979476"},
    {file = "pydantic_core-2.14.3-pp38-pypy38_pp73-manylinux_2_17_x86_64.manylinux2014_x86_64.whl", hash = "sha256:bf15145b1f8056d12c67255cd3ce5d317cd4450d5ee747760d8d088d85d12a2d"},
    {file = "pydantic_core-2.14.3-pp38-pypy38_pp73-manylinux_2_5_i686.manylinux1_i686.whl", hash = "sha256:4cc6bb11f4e8e5ed91d78b9880774fbc0856cb226151b0a93b549c2b26a00c19"},
    {file = "pydantic_core-2.14.3-pp38-pypy38_pp73-musllinux_1_1_aarch64.whl", hash = "sha256:832d16f248ca0cc96929139734ec32d21c67669dcf8a9f3f733c85054429c012"},
    {file = "pydantic_core-2.14.3-pp38-pypy38_pp73-musllinux_1_1_x86_64.whl", hash = "sha256:b02b5e1f54c3396c48b665050464803c23c685716eb5d82a1d81bf81b5230da4"},
    {file = "pydantic_core-2.14.3-pp38-pypy38_pp73-win_amd64.whl", hash = "sha256:1f2d4516c32255782153e858f9a900ca6deadfb217fd3fb21bb2b60b4e04d04d"},
    {file = "pydantic_core-2.14.3-pp39-pypy39_pp73-macosx_10_7_x86_64.whl", hash = "sha256:0a3e51c2be472b7867eb0c5d025b91400c2b73a0823b89d4303a9097e2ec6655"},
    {file = "pydantic_core-2.14.3-pp39-pypy39_pp73-macosx_11_0_arm64.whl", hash = "sha256:df33902464410a1f1a0411a235f0a34e7e129f12cb6340daca0f9d1390f5fe10"},
    {file = "pydantic_core-2.14.3-pp39-pypy39_pp73-manylinux_2_17_aarch64.manylinux2014_aarch64.whl", hash = "sha256:27828f0227b54804aac6fb077b6bb48e640b5435fdd7fbf0c274093a7b78b69c"},
    {file = "pydantic_core-2.14.3-pp39-pypy39_pp73-manylinux_2_17_x86_64.manylinux2014_x86_64.whl", hash = "sha256:1e2979dc80246e18e348de51246d4c9b410186ffa3c50e77924bec436b1e36cb"},
    {file = "pydantic_core-2.14.3-pp39-pypy39_pp73-manylinux_2_5_i686.manylinux1_i686.whl", hash = "sha256:b28996872b48baf829ee75fa06998b607c66a4847ac838e6fd7473a6b2ab68e7"},
    {file = "pydantic_core-2.14.3-pp39-pypy39_pp73-musllinux_1_1_aarch64.whl", hash = "sha256:ca55c9671bb637ce13d18ef352fd32ae7aba21b4402f300a63f1fb1fd18e0364"},
    {file = "pydantic_core-2.14.3-pp39-pypy39_pp73-musllinux_1_1_x86_64.whl", hash = "sha256:aecd5ed096b0e5d93fb0367fd8f417cef38ea30b786f2501f6c34eabd9062c38"},
    {file = "pydantic_core-2.14.3-pp39-pypy39_pp73-win_amd64.whl", hash = "sha256:44aaf1a07ad0824e407dafc637a852e9a44d94664293bbe7d8ee549c356c8882"},
    {file = "pydantic_core-2.14.3.tar.gz", hash = "sha256:3ad083df8fe342d4d8d00cc1d3c1a23f0dc84fce416eb301e69f1ddbbe124d3f"},
]

[package.dependencies]
typing-extensions = ">=4.6.0,<4.7.0 || >4.7.0"

[[package]]
name = "pytz"
version = "2023.3.post1"
description = "World timezone definitions, modern and historical"
optional = false
python-versions = "*"
files = [
    {file = "pytz-2023.3.post1-py2.py3-none-any.whl", hash = "sha256:ce42d816b81b68506614c11e8937d3aa9e41007ceb50bfdcb0749b921bf646c7"},
    {file = "pytz-2023.3.post1.tar.gz", hash = "sha256:7b4fddbeb94a1eba4b557da24f19fdf9db575192544270a9101d8509f9f43d7b"},
]

[[package]]
name = "sniffio"
version = "1.3.0"
description = "Sniff out which async library your code is running under"
optional = false
python-versions = ">=3.7"
files = [
    {file = "sniffio-1.3.0-py3-none-any.whl", hash = "sha256:eecefdce1e5bbfb7ad2eeaabf7c1eeb404d7757c379bd1f7e5cce9d8bf425384"},
    {file = "sniffio-1.3.0.tar.gz", hash = "sha256:e60305c5e5d314f5389259b7f22aaa33d8f7dee49763119234af3755c55b9101"},
]

[[package]]
name = "starlette"
version = "0.27.0"
description = "The little ASGI library that shines."
optional = false
python-versions = ">=3.7"
files = [
    {file = "starlette-0.27.0-py3-none-any.whl", hash = "sha256:918416370e846586541235ccd38a474c08b80443ed31c578a418e2209b3eef91"},
    {file = "starlette-0.27.0.tar.gz", hash = "sha256:6a6b0d042acb8d469a01eba54e9cda6cbd24ac602c4cd016723117d6a7e73b75"},
]

[package.dependencies]
anyio = ">=3.4.0,<5"

[package.extras]
full = ["httpx (>=0.22.0)", "itsdangerous", "jinja2", "python-multipart", "pyyaml"]

[[package]]
name = "typing-extensions"
version = "4.8.0"
description = "Backported and Experimental Type Hints for Python 3.8+"
optional = false
python-versions = ">=3.8"
files = [
    {file = "typing_extensions-4.8.0-py3-none-any.whl", hash = "sha256:8f92fc8806f9a6b641eaa5318da32b44d401efaac0f6678c9bc448ba3605faa0"},
    {file = "typing_extensions-4.8.0.tar.gz", hash = "sha256:df8e4339e9cb77357558cbdbceca33c303714cf861d1eef15e1070055ae8b7ef"},
]

[[package]]
name = "tzdata"
version = "2023.3"
description = "Provider of IANA time zone data"
optional = false
python-versions = ">=2"
files = [
    {file = "tzdata-2023.3-py2.py3-none-any.whl", hash = "sha256:7e65763eef3120314099b6939b5546db7adce1e7d6f2e179e3df563c70511eda"},
    {file = "tzdata-2023.3.tar.gz", hash = "sha256:11ef1e08e54acb0d4f95bdb1be05da659673de4acbd21bf9c69e94cc5e907a3a"},
]

[[package]]
name = "tzlocal"
version = "5.2"
description = "tzinfo object for the local timezone"
optional = false
python-versions = ">=3.8"
files = [
    {file = "tzlocal-5.2-py3-none-any.whl", hash = "sha256:49816ef2fe65ea8ac19d19aa7a1ae0551c834303d5014c6d5a62e4cbda8047b8"},
    {file = "tzlocal-5.2.tar.gz", hash = "sha256:8d399205578f1a9342816409cc1e46a93ebd5755e39ea2d85334bea911bf0e6e"},
]

[package.dependencies]
tzdata = {version = "*", markers = "platform_system == \"Windows\""}

[package.extras]
devenv = ["check-manifest", "pytest (>=4.3)", "pytest-cov", "pytest-mock (>=3.3)", "zest.releaser"]

[[package]]
name = "uvicorn"
version = "0.24.0.post1"
description = "The lightning-fast ASGI server."
optional = false
python-versions = ">=3.8"
files = [
    {file = "uvicorn-0.24.0.post1-py3-none-any.whl", hash = "sha256:7c84fea70c619d4a710153482c0d230929af7bcf76c7bfa6de151f0a3a80121e"},
    {file = "uvicorn-0.24.0.post1.tar.gz", hash = "sha256:09c8e5a79dc466bdf28dead50093957db184de356fcdc48697bad3bde4c2588e"},
]

[package.dependencies]
click = ">=7.0"
h11 = ">=0.8"

[package.extras]
standard = ["colorama (>=0.4)", "httptools (>=0.5.0)", "python-dotenv (>=0.13)", "pyyaml (>=5.1)", "uvloop (>=0.14.0,!=0.15.0,!=0.15.1)", "watchfiles (>=0.13)", "websockets (>=10.4)"]

[metadata]
lock-version = "2.0"
python-versions = "^3.11"
content-hash = "d09d019fb0b87eb44e1de40f6c26e1556599c1c7276371ca5a78403b2ef3ae5f"
